
Microsoft Visual Studio Solution File, Format Version 12.00
# Visual Studio 15
VisualStudioVersion = 15.0.26730.15
MinimumVisualStudioVersion = 10.0.40219.1
Project("{FAE04EC0-301F-11D3-BF4B-00C04F79EFBC}") = "Ch08Test04", "Ch08Test04\Ch08Test04.csproj", "{6ABE7808-2358-4076-AEF0-28CF519005AA}"
EndProject
Global
	GlobalSection(SolutionConfigurationPlatforms) = preSolution
		Debug|Any CPU = Debug|Any CPU
		Release|Any CPU = Release|Any CPU
	EndGlobalSection
	GlobalSection(ProjectConfigurationPlatforms) = postSolution
		{6ABE7808-2358-4076-AEF0-28CF519005AA}.Debug|Any CPU.ActiveCfg = Debug|Any CPU
		{6ABE7808-2358-4076-AEF0-28CF519005AA}.Debug|Any CPU.Build.0 = Debug|Any CPU
		{6ABE7808-2358-4076-AEF0-28CF519005AA}.Release|Any CPU.ActiveCfg = Release|Any CPU
		{6ABE7808-2358-4076-AEF0-28CF519005AA}.Release|Any CPU.Build.0 = Release|Any CPU
	EndGlobalSection
	GlobalSection(SolutionProperties) = preSolution
		HideSolutionNode = FALSE
	EndGlobalSection
	GlobalSection(ExtensibilityGlobals) = postSolution
		SolutionGuid = {E9B4D36C-55EE-48FA-BDE6-83335841593D}
	EndGlobalSection
EndGlobal
