
Microsoft Visual Studio Solution File, Format Version 12.00
# Visual Studio 15
VisualStudioVersion = 15.0.26730.15
MinimumVisualStudioVersion = 10.0.40219.1
Project("{FAE04EC0-301F-11D3-BF4B-00C04F79EFBC}") = "语言介绍", "语言介绍\语言介绍.csproj", "{1BD2CFAB-7D9E-4A72-9954-5EC9A6706C90}"
EndProject
Project("{FAE04EC0-301F-11D3-BF4B-00C04F79EFBC}") = "程序结构", "程序结构\程序结构.csproj", "{70CCA9F3-9640-41BB-98F0-8C6A3304B8F5}"
EndProject
Project("{9A19103F-16F7-4668-BE54-9A1E7A4F7556}") = "程序结构 类库", "程序结构 类库\程序结构 类库.csproj", "{2A04C2CF-0C71-4836-9F5E-B46DA16E1127}"
EndProject
Project("{FAE04EC0-301F-11D3-BF4B-00C04F79EFBC}") = "类型和变量", "类型和变量\类型和变量.csproj", "{34252665-2588-45EF-9F47-D3E351013F35}"
EndProject
Project("{FAE04EC0-301F-11D3-BF4B-00C04F79EFBC}") = "语句", "语句\语句.csproj", "{DF90F36B-DBDB-45E2-8372-A592B356C7C5}"
EndProject
Project("{FAE04EC0-301F-11D3-BF4B-00C04F79EFBC}") = "类和对象", "类和对象\类和对象.csproj", "{A7437EA4-FA51-41EB-933F-195FEF8C1C40}"
EndProject
Project("{FAE04EC0-301F-11D3-BF4B-00C04F79EFBC}") = "结构", "结构\结构.csproj", "{E3492F31-52F2-41BC-B503-24686B5B28ED}"
EndProject
Project("{FAE04EC0-301F-11D3-BF4B-00C04F79EFBC}") = "数组", "数组\数组.csproj", "{12ED35A4-D646-4C03-BF22-DAB31AABE707}"
EndProject
Project("{FAE04EC0-301F-11D3-BF4B-00C04F79EFBC}") = "接口", "接口\接口.csproj", "{A55BCA1C-4E11-4A2A-8B08-AFB6DAACF9B8}"
EndProject
Project("{FAE04EC0-301F-11D3-BF4B-00C04F79EFBC}") = "枚举", "枚举\枚举.csproj", "{10F990E7-5AA0-477B-9B9D-7467E92717CE}"
EndProject
Project("{FAE04EC0-301F-11D3-BF4B-00C04F79EFBC}") = "委托", "委托\委托.csproj", "{37BDAB4D-8D96-4A2B-A420-B7D9BD5263D1}"
EndProject
Project("{FAE04EC0-301F-11D3-BF4B-00C04F79EFBC}") = "特性", "特性\特性.csproj", "{BCB2A880-8E6F-41C1-A18E-A47C256954EB}"
EndProject
Global
	GlobalSection(SolutionConfigurationPlatforms) = preSolution
		Debug|Any CPU = Debug|Any CPU
		Release|Any CPU = Release|Any CPU
	EndGlobalSection
	GlobalSection(ProjectConfigurationPlatforms) = postSolution
		{1BD2CFAB-7D9E-4A72-9954-5EC9A6706C90}.Debug|Any CPU.ActiveCfg = Debug|Any CPU
		{1BD2CFAB-7D9E-4A72-9954-5EC9A6706C90}.Debug|Any CPU.Build.0 = Debug|Any CPU
		{1BD2CFAB-7D9E-4A72-9954-5EC9A6706C90}.Release|Any CPU.ActiveCfg = Release|Any CPU
		{1BD2CFAB-7D9E-4A72-9954-5EC9A6706C90}.Release|Any CPU.Build.0 = Release|Any CPU
		{70CCA9F3-9640-41BB-98F0-8C6A3304B8F5}.Debug|Any CPU.ActiveCfg = Debug|Any CPU
		{70CCA9F3-9640-41BB-98F0-8C6A3304B8F5}.Debug|Any CPU.Build.0 = Debug|Any CPU
		{70CCA9F3-9640-41BB-98F0-8C6A3304B8F5}.Release|Any CPU.ActiveCfg = Release|Any CPU
		{70CCA9F3-9640-41BB-98F0-8C6A3304B8F5}.Release|Any CPU.Build.0 = Release|Any CPU
		{2A04C2CF-0C71-4836-9F5E-B46DA16E1127}.Debug|Any CPU.ActiveCfg = Debug|Any CPU
		{2A04C2CF-0C71-4836-9F5E-B46DA16E1127}.Debug|Any CPU.Build.0 = Debug|Any CPU
		{2A04C2CF-0C71-4836-9F5E-B46DA16E1127}.Release|Any CPU.ActiveCfg = Release|Any CPU
		{2A04C2CF-0C71-4836-9F5E-B46DA16E1127}.Release|Any CPU.Build.0 = Release|Any CPU
		{34252665-2588-45EF-9F47-D3E351013F35}.Debug|Any CPU.ActiveCfg = Debug|Any CPU
		{34252665-2588-45EF-9F47-D3E351013F35}.Debug|Any CPU.Build.0 = Debug|Any CPU
		{34252665-2588-45EF-9F47-D3E351013F35}.Release|Any CPU.ActiveCfg = Release|Any CPU
		{34252665-2588-45EF-9F47-D3E351013F35}.Release|Any CPU.Build.0 = Release|Any CPU
		{DF90F36B-DBDB-45E2-8372-A592B356C7C5}.Debug|Any CPU.ActiveCfg = Debug|Any CPU
		{DF90F36B-DBDB-45E2-8372-A592B356C7C5}.Debug|Any CPU.Build.0 = Debug|Any CPU
		{DF90F36B-DBDB-45E2-8372-A592B356C7C5}.Release|Any CPU.ActiveCfg = Release|Any CPU
		{DF90F36B-DBDB-45E2-8372-A592B356C7C5}.Release|Any CPU.Build.0 = Release|Any CPU
		{A7437EA4-FA51-41EB-933F-195FEF8C1C40}.Debug|Any CPU.ActiveCfg = Debug|Any CPU
		{A7437EA4-FA51-41EB-933F-195FEF8C1C40}.Debug|Any CPU.Build.0 = Debug|Any CPU
		{A7437EA4-FA51-41EB-933F-195FEF8C1C40}.Release|Any CPU.ActiveCfg = Release|Any CPU
		{A7437EA4-FA51-41EB-933F-195FEF8C1C40}.Release|Any CPU.Build.0 = Release|Any CPU
		{E3492F31-52F2-41BC-B503-24686B5B28ED}.Debug|Any CPU.ActiveCfg = Debug|Any CPU
		{E3492F31-52F2-41BC-B503-24686B5B28ED}.Debug|Any CPU.Build.0 = Debug|Any CPU
		{E3492F31-52F2-41BC-B503-24686B5B28ED}.Release|Any CPU.ActiveCfg = Release|Any CPU
		{E3492F31-52F2-41BC-B503-24686B5B28ED}.Release|Any CPU.Build.0 = Release|Any CPU
		{12ED35A4-D646-4C03-BF22-DAB31AABE707}.Debug|Any CPU.ActiveCfg = Debug|Any CPU
		{12ED35A4-D646-4C03-BF22-DAB31AABE707}.Debug|Any CPU.Build.0 = Debug|Any CPU
		{12ED35A4-D646-4C03-BF22-DAB31AABE707}.Release|Any CPU.ActiveCfg = Release|Any CPU
		{12ED35A4-D646-4C03-BF22-DAB31AABE707}.Release|Any CPU.Build.0 = Release|Any CPU
		{A55BCA1C-4E11-4A2A-8B08-AFB6DAACF9B8}.Debug|Any CPU.ActiveCfg = Debug|Any CPU
		{A55BCA1C-4E11-4A2A-8B08-AFB6DAACF9B8}.Debug|Any CPU.Build.0 = Debug|Any CPU
		{A55BCA1C-4E11-4A2A-8B08-AFB6DAACF9B8}.Release|Any CPU.ActiveCfg = Release|Any CPU
		{A55BCA1C-4E11-4A2A-8B08-AFB6DAACF9B8}.Release|Any CPU.Build.0 = Release|Any CPU
		{10F990E7-5AA0-477B-9B9D-7467E92717CE}.Debug|Any CPU.ActiveCfg = Debug|Any CPU
		{10F990E7-5AA0-477B-9B9D-7467E92717CE}.Debug|Any CPU.Build.0 = Debug|Any CPU
		{10F990E7-5AA0-477B-9B9D-7467E92717CE}.Release|Any CPU.ActiveCfg = Release|Any CPU
		{10F990E7-5AA0-477B-9B9D-7467E92717CE}.Release|Any CPU.Build.0 = Release|Any CPU
		{37BDAB4D-8D96-4A2B-A420-B7D9BD5263D1}.Debug|Any CPU.ActiveCfg = Debug|Any CPU
		{37BDAB4D-8D96-4A2B-A420-B7D9BD5263D1}.Debug|Any CPU.Build.0 = Debug|Any CPU
		{37BDAB4D-8D96-4A2B-A420-B7D9BD5263D1}.Release|Any CPU.ActiveCfg = Release|Any CPU
		{37BDAB4D-8D96-4A2B-A420-B7D9BD5263D1}.Release|Any CPU.Build.0 = Release|Any CPU
		{BCB2A880-8E6F-41C1-A18E-A47C256954EB}.Debug|Any CPU.ActiveCfg = Debug|Any CPU
		{BCB2A880-8E6F-41C1-A18E-A47C256954EB}.Debug|Any CPU.Build.0 = Debug|Any CPU
		{BCB2A880-8E6F-41C1-A18E-A47C256954EB}.Release|Any CPU.ActiveCfg = Release|Any CPU
		{BCB2A880-8E6F-41C1-A18E-A47C256954EB}.Release|Any CPU.Build.0 = Release|Any CPU
	EndGlobalSection
	GlobalSection(SolutionProperties) = preSolution
		HideSolutionNode = FALSE
	EndGlobalSection
	GlobalSection(ExtensibilityGlobals) = postSolution
		SolutionGuid = {D53E7E1E-A7DF-47F3-BF9F-25080835EAE6}
	EndGlobalSection
EndGlobal
