
Microsoft Visual Studio Solution File, Format Version 12.00
# Visual Studio 14
VisualStudioVersion = 14.0.25420.1
MinimumVisualStudioVersion = 10.0.40219.1
Project("{FAE04EC0-301F-11D3-BF4B-00C04F79EFBC}") = "Ch05Test06", "Ch05Test06\Ch05Test06.csproj", "{176BBCB9-7A78-4770-ABAA-12BF7EB59688}"
EndProject
Global
	GlobalSection(SolutionConfigurationPlatforms) = preSolution
		Debug|Any CPU = Debug|Any CPU
		Release|Any CPU = Release|Any CPU
	EndGlobalSection
	GlobalSection(ProjectConfigurationPlatforms) = postSolution
		{176BBCB9-7A78-4770-ABAA-12BF7EB59688}.Debug|Any CPU.ActiveCfg = Debug|Any CPU
		{176BBCB9-7A78-4770-ABAA-12BF7EB59688}.Debug|Any CPU.Build.0 = Debug|Any CPU
		{176BBCB9-7A78-4770-ABAA-12BF7EB59688}.Release|Any CPU.ActiveCfg = Release|Any CPU
		{176BBCB9-7A78-4770-ABAA-12BF7EB59688}.Release|Any CPU.Build.0 = Release|Any CPU
	EndGlobalSection
	GlobalSection(SolutionProperties) = preSolution
		HideSolutionNode = FALSE
	EndGlobalSection
EndGlobal
