
Microsoft Visual Studio Solution File, Format Version 12.00
# Visual Studio 15
VisualStudioVersion = 15.0.26730.16
MinimumVisualStudioVersion = 10.0.40219.1
Project("{FAE04EC0-301F-11D3-BF4B-00C04F79EFBC}") = "Test", "Test\Test.csproj", "{FDE8899E-2B84-4ED8-AEF0-0C98AD7A0D84}"
EndProject
Global
	GlobalSection(SolutionConfigurationPlatforms) = preSolution
		Debug|Any CPU = Debug|Any CPU
		Release|Any CPU = Release|Any CPU
	EndGlobalSection
	GlobalSection(ProjectConfigurationPlatforms) = postSolution
		{FDE8899E-2B84-4ED8-AEF0-0C98AD7A0D84}.Debug|Any CPU.ActiveCfg = Debug|Any CPU
		{FDE8899E-2B84-4ED8-AEF0-0C98AD7A0D84}.Debug|Any CPU.Build.0 = Debug|Any CPU
		{FDE8899E-2B84-4ED8-AEF0-0C98AD7A0D84}.Release|Any CPU.ActiveCfg = Release|Any CPU
		{FDE8899E-2B84-4ED8-AEF0-0C98AD7A0D84}.Release|Any CPU.Build.0 = Release|Any CPU
	EndGlobalSection
	GlobalSection(SolutionProperties) = preSolution
		HideSolutionNode = FALSE
	EndGlobalSection
	GlobalSection(ExtensibilityGlobals) = postSolution
		SolutionGuid = {11DBE582-0E90-4697-901F-D0613E36A872}
	EndGlobalSection
EndGlobal
