
Microsoft Visual Studio Solution File, Format Version 12.00
# Visual Studio 15
VisualStudioVersion = 15.0.26730.16
MinimumVisualStudioVersion = 10.0.40219.1
Project("{FAE04EC0-301F-11D3-BF4B-00C04F79EFBC}") = "入门程序", "入门程序\入门程序.csproj", "{F0E19D41-8291-45B0-90D2-9D6F5195C764}"
EndProject
Project("{FAE04EC0-301F-11D3-BF4B-00C04F79EFBC}") = "基本语法", "基本语法\基本语法.csproj", "{6D77C290-91F6-4CFE-B8CC-EBDAF084F769}"
EndProject
Project("{FAE04EC0-301F-11D3-BF4B-00C04F79EFBC}") = "变量", "变量\变量.csproj", "{E726B258-BAF8-4485-8DA4-AD84AB7B377D}"
EndProject
Project("{FAE04EC0-301F-11D3-BF4B-00C04F79EFBC}") = "数据类型", "数据类型\数据类型.csproj", "{CC49A277-7F8F-459D-B6C7-67CFBEE0848E}"
EndProject
Project("{FAE04EC0-301F-11D3-BF4B-00C04F79EFBC}") = "类型转换", "类型转换\类型转换.csproj", "{CA3C0218-120B-4EA2-B578-87B1B5CC9638}"
EndProject
Project("{FAE04EC0-301F-11D3-BF4B-00C04F79EFBC}") = "常量和文字", "常量和文字\常量和文字.csproj", "{751E3466-F270-4CF3-9A15-E18A644BE61C}"
EndProject
Project("{FAE04EC0-301F-11D3-BF4B-00C04F79EFBC}") = "运算符", "运算符\运算符.csproj", "{4A6CABB3-80D3-4F51-ABC9-DF57079E903C}"
EndProject
Project("{FAE04EC0-301F-11D3-BF4B-00C04F79EFBC}") = "决策结构", "决策结构\决策结构.csproj", "{844AFEA2-A59B-42BB-8EBC-256D49980223}"
EndProject
Project("{FAE04EC0-301F-11D3-BF4B-00C04F79EFBC}") = "循环", "循环\循环.csproj", "{3BC775B2-6768-4187-B230-F02DEA4B499A}"
EndProject
Project("{FAE04EC0-301F-11D3-BF4B-00C04F79EFBC}") = "封装", "封装\封装.csproj", "{7E9AE1EA-5AF9-42D7-BC11-378F342A5A07}"
EndProject
Project("{FAE04EC0-301F-11D3-BF4B-00C04F79EFBC}") = "方法", "方法\方法.csproj", "{4D138A7B-467D-46F6-A573-F391BA51388F}"
EndProject
Project("{FAE04EC0-301F-11D3-BF4B-00C04F79EFBC}") = "可空类型", "可空类型\可空类型.csproj", "{E6A51590-8397-42DD-8A69-06099EBFEB16}"
EndProject
Project("{FAE04EC0-301F-11D3-BF4B-00C04F79EFBC}") = "数组", "数组\数组.csproj", "{455224D2-520E-4F2E-9250-7FD4EF2C8420}"
EndProject
Global
	GlobalSection(SolutionConfigurationPlatforms) = preSolution
		Debug|Any CPU = Debug|Any CPU
		Debug|x64 = Debug|x64
		Debug|x86 = Debug|x86
		Release|Any CPU = Release|Any CPU
		Release|x64 = Release|x64
		Release|x86 = Release|x86
	EndGlobalSection
	GlobalSection(ProjectConfigurationPlatforms) = postSolution
		{F0E19D41-8291-45B0-90D2-9D6F5195C764}.Debug|Any CPU.ActiveCfg = Debug|Any CPU
		{F0E19D41-8291-45B0-90D2-9D6F5195C764}.Debug|Any CPU.Build.0 = Debug|Any CPU
		{F0E19D41-8291-45B0-90D2-9D6F5195C764}.Debug|x64.ActiveCfg = Debug|Any CPU
		{F0E19D41-8291-45B0-90D2-9D6F5195C764}.Debug|x64.Build.0 = Debug|Any CPU
		{F0E19D41-8291-45B0-90D2-9D6F5195C764}.Debug|x86.ActiveCfg = Debug|Any CPU
		{F0E19D41-8291-45B0-90D2-9D6F5195C764}.Debug|x86.Build.0 = Debug|Any CPU
		{F0E19D41-8291-45B0-90D2-9D6F5195C764}.Release|Any CPU.ActiveCfg = Release|Any CPU
		{F0E19D41-8291-45B0-90D2-9D6F5195C764}.Release|Any CPU.Build.0 = Release|Any CPU
		{F0E19D41-8291-45B0-90D2-9D6F5195C764}.Release|x64.ActiveCfg = Release|Any CPU
		{F0E19D41-8291-45B0-90D2-9D6F5195C764}.Release|x64.Build.0 = Release|Any CPU
		{F0E19D41-8291-45B0-90D2-9D6F5195C764}.Release|x86.ActiveCfg = Release|Any CPU
		{F0E19D41-8291-45B0-90D2-9D6F5195C764}.Release|x86.Build.0 = Release|Any CPU
		{6D77C290-91F6-4CFE-B8CC-EBDAF084F769}.Debug|Any CPU.ActiveCfg = Debug|Any CPU
		{6D77C290-91F6-4CFE-B8CC-EBDAF084F769}.Debug|Any CPU.Build.0 = Debug|Any CPU
		{6D77C290-91F6-4CFE-B8CC-EBDAF084F769}.Debug|x64.ActiveCfg = Debug|Any CPU
		{6D77C290-91F6-4CFE-B8CC-EBDAF084F769}.Debug|x64.Build.0 = Debug|Any CPU
		{6D77C290-91F6-4CFE-B8CC-EBDAF084F769}.Debug|x86.ActiveCfg = Debug|Any CPU
		{6D77C290-91F6-4CFE-B8CC-EBDAF084F769}.Debug|x86.Build.0 = Debug|Any CPU
		{6D77C290-91F6-4CFE-B8CC-EBDAF084F769}.Release|Any CPU.ActiveCfg = Release|Any CPU
		{6D77C290-91F6-4CFE-B8CC-EBDAF084F769}.Release|Any CPU.Build.0 = Release|Any CPU
		{6D77C290-91F6-4CFE-B8CC-EBDAF084F769}.Release|x64.ActiveCfg = Release|Any CPU
		{6D77C290-91F6-4CFE-B8CC-EBDAF084F769}.Release|x64.Build.0 = Release|Any CPU
		{6D77C290-91F6-4CFE-B8CC-EBDAF084F769}.Release|x86.ActiveCfg = Release|Any CPU
		{6D77C290-91F6-4CFE-B8CC-EBDAF084F769}.Release|x86.Build.0 = Release|Any CPU
		{E726B258-BAF8-4485-8DA4-AD84AB7B377D}.Debug|Any CPU.ActiveCfg = Debug|Any CPU
		{E726B258-BAF8-4485-8DA4-AD84AB7B377D}.Debug|Any CPU.Build.0 = Debug|Any CPU
		{E726B258-BAF8-4485-8DA4-AD84AB7B377D}.Debug|x64.ActiveCfg = Debug|Any CPU
		{E726B258-BAF8-4485-8DA4-AD84AB7B377D}.Debug|x64.Build.0 = Debug|Any CPU
		{E726B258-BAF8-4485-8DA4-AD84AB7B377D}.Debug|x86.ActiveCfg = Debug|Any CPU
		{E726B258-BAF8-4485-8DA4-AD84AB7B377D}.Debug|x86.Build.0 = Debug|Any CPU
		{E726B258-BAF8-4485-8DA4-AD84AB7B377D}.Release|Any CPU.ActiveCfg = Release|Any CPU
		{E726B258-BAF8-4485-8DA4-AD84AB7B377D}.Release|Any CPU.Build.0 = Release|Any CPU
		{E726B258-BAF8-4485-8DA4-AD84AB7B377D}.Release|x64.ActiveCfg = Release|Any CPU
		{E726B258-BAF8-4485-8DA4-AD84AB7B377D}.Release|x64.Build.0 = Release|Any CPU
		{E726B258-BAF8-4485-8DA4-AD84AB7B377D}.Release|x86.ActiveCfg = Release|Any CPU
		{E726B258-BAF8-4485-8DA4-AD84AB7B377D}.Release|x86.Build.0 = Release|Any CPU
		{CC49A277-7F8F-459D-B6C7-67CFBEE0848E}.Debug|Any CPU.ActiveCfg = Debug|Any CPU
		{CC49A277-7F8F-459D-B6C7-67CFBEE0848E}.Debug|Any CPU.Build.0 = Debug|Any CPU
		{CC49A277-7F8F-459D-B6C7-67CFBEE0848E}.Debug|x64.ActiveCfg = Debug|Any CPU
		{CC49A277-7F8F-459D-B6C7-67CFBEE0848E}.Debug|x64.Build.0 = Debug|Any CPU
		{CC49A277-7F8F-459D-B6C7-67CFBEE0848E}.Debug|x86.ActiveCfg = Debug|Any CPU
		{CC49A277-7F8F-459D-B6C7-67CFBEE0848E}.Debug|x86.Build.0 = Debug|Any CPU
		{CC49A277-7F8F-459D-B6C7-67CFBEE0848E}.Release|Any CPU.ActiveCfg = Release|Any CPU
		{CC49A277-7F8F-459D-B6C7-67CFBEE0848E}.Release|Any CPU.Build.0 = Release|Any CPU
		{CC49A277-7F8F-459D-B6C7-67CFBEE0848E}.Release|x64.ActiveCfg = Release|Any CPU
		{CC49A277-7F8F-459D-B6C7-67CFBEE0848E}.Release|x64.Build.0 = Release|Any CPU
		{CC49A277-7F8F-459D-B6C7-67CFBEE0848E}.Release|x86.ActiveCfg = Release|Any CPU
		{CC49A277-7F8F-459D-B6C7-67CFBEE0848E}.Release|x86.Build.0 = Release|Any CPU
		{CA3C0218-120B-4EA2-B578-87B1B5CC9638}.Debug|Any CPU.ActiveCfg = Debug|Any CPU
		{CA3C0218-120B-4EA2-B578-87B1B5CC9638}.Debug|Any CPU.Build.0 = Debug|Any CPU
		{CA3C0218-120B-4EA2-B578-87B1B5CC9638}.Debug|x64.ActiveCfg = Debug|Any CPU
		{CA3C0218-120B-4EA2-B578-87B1B5CC9638}.Debug|x64.Build.0 = Debug|Any CPU
		{CA3C0218-120B-4EA2-B578-87B1B5CC9638}.Debug|x86.ActiveCfg = Debug|Any CPU
		{CA3C0218-120B-4EA2-B578-87B1B5CC9638}.Debug|x86.Build.0 = Debug|Any CPU
		{CA3C0218-120B-4EA2-B578-87B1B5CC9638}.Release|Any CPU.ActiveCfg = Release|Any CPU
		{CA3C0218-120B-4EA2-B578-87B1B5CC9638}.Release|Any CPU.Build.0 = Release|Any CPU
		{CA3C0218-120B-4EA2-B578-87B1B5CC9638}.Release|x64.ActiveCfg = Release|Any CPU
		{CA3C0218-120B-4EA2-B578-87B1B5CC9638}.Release|x64.Build.0 = Release|Any CPU
		{CA3C0218-120B-4EA2-B578-87B1B5CC9638}.Release|x86.ActiveCfg = Release|Any CPU
		{CA3C0218-120B-4EA2-B578-87B1B5CC9638}.Release|x86.Build.0 = Release|Any CPU
		{751E3466-F270-4CF3-9A15-E18A644BE61C}.Debug|Any CPU.ActiveCfg = Debug|Any CPU
		{751E3466-F270-4CF3-9A15-E18A644BE61C}.Debug|Any CPU.Build.0 = Debug|Any CPU
		{751E3466-F270-4CF3-9A15-E18A644BE61C}.Debug|x64.ActiveCfg = Debug|Any CPU
		{751E3466-F270-4CF3-9A15-E18A644BE61C}.Debug|x64.Build.0 = Debug|Any CPU
		{751E3466-F270-4CF3-9A15-E18A644BE61C}.Debug|x86.ActiveCfg = Debug|Any CPU
		{751E3466-F270-4CF3-9A15-E18A644BE61C}.Debug|x86.Build.0 = Debug|Any CPU
		{751E3466-F270-4CF3-9A15-E18A644BE61C}.Release|Any CPU.ActiveCfg = Release|Any CPU
		{751E3466-F270-4CF3-9A15-E18A644BE61C}.Release|Any CPU.Build.0 = Release|Any CPU
		{751E3466-F270-4CF3-9A15-E18A644BE61C}.Release|x64.ActiveCfg = Release|Any CPU
		{751E3466-F270-4CF3-9A15-E18A644BE61C}.Release|x64.Build.0 = Release|Any CPU
		{751E3466-F270-4CF3-9A15-E18A644BE61C}.Release|x86.ActiveCfg = Release|Any CPU
		{751E3466-F270-4CF3-9A15-E18A644BE61C}.Release|x86.Build.0 = Release|Any CPU
		{4A6CABB3-80D3-4F51-ABC9-DF57079E903C}.Debug|Any CPU.ActiveCfg = Debug|Any CPU
		{4A6CABB3-80D3-4F51-ABC9-DF57079E903C}.Debug|Any CPU.Build.0 = Debug|Any CPU
		{4A6CABB3-80D3-4F51-ABC9-DF57079E903C}.Debug|x64.ActiveCfg = Debug|Any CPU
		{4A6CABB3-80D3-4F51-ABC9-DF57079E903C}.Debug|x64.Build.0 = Debug|Any CPU
		{4A6CABB3-80D3-4F51-ABC9-DF57079E903C}.Debug|x86.ActiveCfg = Debug|Any CPU
		{4A6CABB3-80D3-4F51-ABC9-DF57079E903C}.Debug|x86.Build.0 = Debug|Any CPU
		{4A6CABB3-80D3-4F51-ABC9-DF57079E903C}.Release|Any CPU.ActiveCfg = Release|Any CPU
		{4A6CABB3-80D3-4F51-ABC9-DF57079E903C}.Release|Any CPU.Build.0 = Release|Any CPU
		{4A6CABB3-80D3-4F51-ABC9-DF57079E903C}.Release|x64.ActiveCfg = Release|Any CPU
		{4A6CABB3-80D3-4F51-ABC9-DF57079E903C}.Release|x64.Build.0 = Release|Any CPU
		{4A6CABB3-80D3-4F51-ABC9-DF57079E903C}.Release|x86.ActiveCfg = Release|Any CPU
		{4A6CABB3-80D3-4F51-ABC9-DF57079E903C}.Release|x86.Build.0 = Release|Any CPU
		{844AFEA2-A59B-42BB-8EBC-256D49980223}.Debug|Any CPU.ActiveCfg = Debug|Any CPU
		{844AFEA2-A59B-42BB-8EBC-256D49980223}.Debug|Any CPU.Build.0 = Debug|Any CPU
		{844AFEA2-A59B-42BB-8EBC-256D49980223}.Debug|x64.ActiveCfg = Debug|Any CPU
		{844AFEA2-A59B-42BB-8EBC-256D49980223}.Debug|x64.Build.0 = Debug|Any CPU
		{844AFEA2-A59B-42BB-8EBC-256D49980223}.Debug|x86.ActiveCfg = Debug|Any CPU
		{844AFEA2-A59B-42BB-8EBC-256D49980223}.Debug|x86.Build.0 = Debug|Any CPU
		{844AFEA2-A59B-42BB-8EBC-256D49980223}.Release|Any CPU.ActiveCfg = Release|Any CPU
		{844AFEA2-A59B-42BB-8EBC-256D49980223}.Release|Any CPU.Build.0 = Release|Any CPU
		{844AFEA2-A59B-42BB-8EBC-256D49980223}.Release|x64.ActiveCfg = Release|Any CPU
		{844AFEA2-A59B-42BB-8EBC-256D49980223}.Release|x64.Build.0 = Release|Any CPU
		{844AFEA2-A59B-42BB-8EBC-256D49980223}.Release|x86.ActiveCfg = Release|Any CPU
		{844AFEA2-A59B-42BB-8EBC-256D49980223}.Release|x86.Build.0 = Release|Any CPU
		{3BC775B2-6768-4187-B230-F02DEA4B499A}.Debug|Any CPU.ActiveCfg = Debug|Any CPU
		{3BC775B2-6768-4187-B230-F02DEA4B499A}.Debug|Any CPU.Build.0 = Debug|Any CPU
		{3BC775B2-6768-4187-B230-F02DEA4B499A}.Debug|x64.ActiveCfg = Debug|Any CPU
		{3BC775B2-6768-4187-B230-F02DEA4B499A}.Debug|x64.Build.0 = Debug|Any CPU
		{3BC775B2-6768-4187-B230-F02DEA4B499A}.Debug|x86.ActiveCfg = Debug|Any CPU
		{3BC775B2-6768-4187-B230-F02DEA4B499A}.Debug|x86.Build.0 = Debug|Any CPU
		{3BC775B2-6768-4187-B230-F02DEA4B499A}.Release|Any CPU.ActiveCfg = Release|Any CPU
		{3BC775B2-6768-4187-B230-F02DEA4B499A}.Release|Any CPU.Build.0 = Release|Any CPU
		{3BC775B2-6768-4187-B230-F02DEA4B499A}.Release|x64.ActiveCfg = Release|Any CPU
		{3BC775B2-6768-4187-B230-F02DEA4B499A}.Release|x64.Build.0 = Release|Any CPU
		{3BC775B2-6768-4187-B230-F02DEA4B499A}.Release|x86.ActiveCfg = Release|Any CPU
		{3BC775B2-6768-4187-B230-F02DEA4B499A}.Release|x86.Build.0 = Release|Any CPU
		{7E9AE1EA-5AF9-42D7-BC11-378F342A5A07}.Debug|Any CPU.ActiveCfg = Debug|Any CPU
		{7E9AE1EA-5AF9-42D7-BC11-378F342A5A07}.Debug|Any CPU.Build.0 = Debug|Any CPU
		{7E9AE1EA-5AF9-42D7-BC11-378F342A5A07}.Debug|x64.ActiveCfg = Debug|Any CPU
		{7E9AE1EA-5AF9-42D7-BC11-378F342A5A07}.Debug|x64.Build.0 = Debug|Any CPU
		{7E9AE1EA-5AF9-42D7-BC11-378F342A5A07}.Debug|x86.ActiveCfg = Debug|Any CPU
		{7E9AE1EA-5AF9-42D7-BC11-378F342A5A07}.Debug|x86.Build.0 = Debug|Any CPU
		{7E9AE1EA-5AF9-42D7-BC11-378F342A5A07}.Release|Any CPU.ActiveCfg = Release|Any CPU
		{7E9AE1EA-5AF9-42D7-BC11-378F342A5A07}.Release|Any CPU.Build.0 = Release|Any CPU
		{7E9AE1EA-5AF9-42D7-BC11-378F342A5A07}.Release|x64.ActiveCfg = Release|Any CPU
		{7E9AE1EA-5AF9-42D7-BC11-378F342A5A07}.Release|x64.Build.0 = Release|Any CPU
		{7E9AE1EA-5AF9-42D7-BC11-378F342A5A07}.Release|x86.ActiveCfg = Release|Any CPU
		{7E9AE1EA-5AF9-42D7-BC11-378F342A5A07}.Release|x86.Build.0 = Release|Any CPU
		{4D138A7B-467D-46F6-A573-F391BA51388F}.Debug|Any CPU.ActiveCfg = Debug|Any CPU
		{4D138A7B-467D-46F6-A573-F391BA51388F}.Debug|Any CPU.Build.0 = Debug|Any CPU
		{4D138A7B-467D-46F6-A573-F391BA51388F}.Debug|x64.ActiveCfg = Debug|Any CPU
		{4D138A7B-467D-46F6-A573-F391BA51388F}.Debug|x64.Build.0 = Debug|Any CPU
		{4D138A7B-467D-46F6-A573-F391BA51388F}.Debug|x86.ActiveCfg = Debug|Any CPU
		{4D138A7B-467D-46F6-A573-F391BA51388F}.Debug|x86.Build.0 = Debug|Any CPU
		{4D138A7B-467D-46F6-A573-F391BA51388F}.Release|Any CPU.ActiveCfg = Release|Any CPU
		{4D138A7B-467D-46F6-A573-F391BA51388F}.Release|Any CPU.Build.0 = Release|Any CPU
		{4D138A7B-467D-46F6-A573-F391BA51388F}.Release|x64.ActiveCfg = Release|Any CPU
		{4D138A7B-467D-46F6-A573-F391BA51388F}.Release|x64.Build.0 = Release|Any CPU
		{4D138A7B-467D-46F6-A573-F391BA51388F}.Release|x86.ActiveCfg = Release|Any CPU
		{4D138A7B-467D-46F6-A573-F391BA51388F}.Release|x86.Build.0 = Release|Any CPU
		{E6A51590-8397-42DD-8A69-06099EBFEB16}.Debug|Any CPU.ActiveCfg = Debug|Any CPU
		{E6A51590-8397-42DD-8A69-06099EBFEB16}.Debug|Any CPU.Build.0 = Debug|Any CPU
		{E6A51590-8397-42DD-8A69-06099EBFEB16}.Debug|x64.ActiveCfg = Debug|Any CPU
		{E6A51590-8397-42DD-8A69-06099EBFEB16}.Debug|x64.Build.0 = Debug|Any CPU
		{E6A51590-8397-42DD-8A69-06099EBFEB16}.Debug|x86.ActiveCfg = Debug|Any CPU
		{E6A51590-8397-42DD-8A69-06099EBFEB16}.Debug|x86.Build.0 = Debug|Any CPU
		{E6A51590-8397-42DD-8A69-06099EBFEB16}.Release|Any CPU.ActiveCfg = Release|Any CPU
		{E6A51590-8397-42DD-8A69-06099EBFEB16}.Release|Any CPU.Build.0 = Release|Any CPU
		{E6A51590-8397-42DD-8A69-06099EBFEB16}.Release|x64.ActiveCfg = Release|Any CPU
		{E6A51590-8397-42DD-8A69-06099EBFEB16}.Release|x64.Build.0 = Release|Any CPU
		{E6A51590-8397-42DD-8A69-06099EBFEB16}.Release|x86.ActiveCfg = Release|Any CPU
		{E6A51590-8397-42DD-8A69-06099EBFEB16}.Release|x86.Build.0 = Release|Any CPU
		{455224D2-520E-4F2E-9250-7FD4EF2C8420}.Debug|Any CPU.ActiveCfg = Debug|Any CPU
		{455224D2-520E-4F2E-9250-7FD4EF2C8420}.Debug|Any CPU.Build.0 = Debug|Any CPU
		{455224D2-520E-4F2E-9250-7FD4EF2C8420}.Debug|x64.ActiveCfg = Debug|Any CPU
		{455224D2-520E-4F2E-9250-7FD4EF2C8420}.Debug|x64.Build.0 = Debug|Any CPU
		{455224D2-520E-4F2E-9250-7FD4EF2C8420}.Debug|x86.ActiveCfg = Debug|Any CPU
		{455224D2-520E-4F2E-9250-7FD4EF2C8420}.Debug|x86.Build.0 = Debug|Any CPU
		{455224D2-520E-4F2E-9250-7FD4EF2C8420}.Release|Any CPU.ActiveCfg = Release|Any CPU
		{455224D2-520E-4F2E-9250-7FD4EF2C8420}.Release|Any CPU.Build.0 = Release|Any CPU
		{455224D2-520E-4F2E-9250-7FD4EF2C8420}.Release|x64.ActiveCfg = Release|Any CPU
		{455224D2-520E-4F2E-9250-7FD4EF2C8420}.Release|x64.Build.0 = Release|Any CPU
		{455224D2-520E-4F2E-9250-7FD4EF2C8420}.Release|x86.ActiveCfg = Release|Any CPU
		{455224D2-520E-4F2E-9250-7FD4EF2C8420}.Release|x86.Build.0 = Release|Any CPU
	EndGlobalSection
	GlobalSection(SolutionProperties) = preSolution
		HideSolutionNode = FALSE
	EndGlobalSection
	GlobalSection(ExtensibilityGlobals) = postSolution
		SolutionGuid = {D64A1E48-3801-4B35-8C2E-31AAEF7B5146}
	EndGlobalSection
EndGlobal
